
Microsoft Visual Studio Solution File, Format Version 12.00
# Visual Studio Version 17
VisualStudioVersion = 17.13.35825.156 d17.13
MinimumVisualStudioVersion = 10.0.40219.1
Project("{FAE04EC0-301F-11D3-BF4B-00C04F79EFBC}") = "CyberSecurityChatBotAI poe", "CyberSecurityChatBotAI poe.csproj", "{DC46749E-E24D-4F94-BADC-17EA90BFAFEC}"
EndProject
Global
	GlobalSection(SolutionConfigurationPlatforms) = preSolution
		Debug|Any CPU = Debug|Any CPU
		Release|Any CPU = Release|Any CPU
	EndGlobalSection
	GlobalSection(ProjectConfigurationPlatforms) = postSolution
		{DC46749E-E24D-4F94-BADC-17EA90BFAFEC}.Debug|Any CPU.ActiveCfg = Debug|Any CPU
		{DC46749E-E24D-4F94-BADC-17EA90BFAFEC}.Debug|Any CPU.Build.0 = Debug|Any CPU
		{DC46749E-E24D-4F94-BADC-17EA90BFAFEC}.Release|Any CPU.ActiveCfg = Release|Any CPU
		{DC46749E-E24D-4F94-BADC-17EA90BFAFEC}.Release|Any CPU.Build.0 = Release|Any CPU
	EndGlobalSection
	GlobalSection(SolutionProperties) = preSolution
		HideSolutionNode = FALSE
	EndGlobalSection
	GlobalSection(ExtensibilityGlobals) = postSolution
		SolutionGuid = {5712FD2F-2316-44A0-97BF-44188FE49BAE}
	EndGlobalSection
EndGlobal
